
Microsoft Visual Studio Solution File, Format Version 12.00
# Visual Studio Version 16
VisualStudioVersion = 16.0.32602.291
MinimumVisualStudioVersion = 10.0.40219.1
Project("{FAE04EC0-301F-11D3-BF4B-00C04F79EFBC}") = "if-elseif-ternary-if", "if-elseif-ternary-if\if-elseif-ternary-if.csproj", "{66161C47-A3B7-4458-B992-F3483301ED9E}"
EndProject
Global
	GlobalSection(SolutionConfigurationPlatforms) = preSolution
		Debug|Any CPU = Debug|Any CPU
		Release|Any CPU = Release|Any CPU
	EndGlobalSection
	GlobalSection(ProjectConfigurationPlatforms) = postSolution
		{66161C47-A3B7-4458-B992-F3483301ED9E}.Debug|Any CPU.ActiveCfg = Debug|Any CPU
		{66161C47-A3B7-4458-B992-F3483301ED9E}.Debug|Any CPU.Build.0 = Debug|Any CPU
		{66161C47-A3B7-4458-B992-F3483301ED9E}.Release|Any CPU.ActiveCfg = Release|Any CPU
		{66161C47-A3B7-4458-B992-F3483301ED9E}.Release|Any CPU.Build.0 = Release|Any CPU
	EndGlobalSection
	GlobalSection(SolutionProperties) = preSolution
		HideSolutionNode = FALSE
	EndGlobalSection
	GlobalSection(ExtensibilityGlobals) = postSolution
		SolutionGuid = {56AFF5EC-8FFE-492B-8ABA-5B592C852B43}
	EndGlobalSection
EndGlobal
