
Microsoft Visual Studio Solution File, Format Version 12.00
# Visual Studio Version 16
VisualStudioVersion = 16.0.32602.291
MinimumVisualStudioVersion = 10.0.40219.1
Project("{FAE04EC0-301F-11D3-BF4B-00C04F79EFBC}") = "Dizi", "Array\Dizi.csproj", "{A7DC9060-EA7D-4101-9FDD-DC7820195A20}"
EndProject
Global
	GlobalSection(SolutionConfigurationPlatforms) = preSolution
		Debug|Any CPU = Debug|Any CPU
		Release|Any CPU = Release|Any CPU
	EndGlobalSection
	GlobalSection(ProjectConfigurationPlatforms) = postSolution
		{A7DC9060-EA7D-4101-9FDD-DC7820195A20}.Debug|Any CPU.ActiveCfg = Debug|Any CPU
		{A7DC9060-EA7D-4101-9FDD-DC7820195A20}.Debug|Any CPU.Build.0 = Debug|Any CPU
		{A7DC9060-EA7D-4101-9FDD-DC7820195A20}.Release|Any CPU.ActiveCfg = Release|Any CPU
		{A7DC9060-EA7D-4101-9FDD-DC7820195A20}.Release|Any CPU.Build.0 = Release|Any CPU
	EndGlobalSection
	GlobalSection(SolutionProperties) = preSolution
		HideSolutionNode = FALSE
	EndGlobalSection
	GlobalSection(ExtensibilityGlobals) = postSolution
		SolutionGuid = {8177EC33-ED8C-4465-948B-B83C4A718DF7}
	EndGlobalSection
EndGlobal
