
Microsoft Visual Studio Solution File, Format Version 12.00
# Visual Studio Version 16
VisualStudioVersion = 16.0.32602.291
MinimumVisualStudioVersion = 10.0.40219.1
Project("{FAE04EC0-301F-11D3-BF4B-00C04F79EFBC}") = "Dizilerle_Dongu_Uygulamalari", "Dizilerle_Dongu_Uygulamalari\Dizilerle_Dongu_Uygulamalari.csproj", "{19F47086-9701-45FC-805D-AFFA1C17053F}"
EndProject
Global
	GlobalSection(SolutionConfigurationPlatforms) = preSolution
		Debug|Any CPU = Debug|Any CPU
		Release|Any CPU = Release|Any CPU
	EndGlobalSection
	GlobalSection(ProjectConfigurationPlatforms) = postSolution
		{19F47086-9701-45FC-805D-AFFA1C17053F}.Debug|Any CPU.ActiveCfg = Debug|Any CPU
		{19F47086-9701-45FC-805D-AFFA1C17053F}.Debug|Any CPU.Build.0 = Debug|Any CPU
		{19F47086-9701-45FC-805D-AFFA1C17053F}.Release|Any CPU.ActiveCfg = Release|Any CPU
		{19F47086-9701-45FC-805D-AFFA1C17053F}.Release|Any CPU.Build.0 = Release|Any CPU
	EndGlobalSection
	GlobalSection(SolutionProperties) = preSolution
		HideSolutionNode = FALSE
	EndGlobalSection
	GlobalSection(ExtensibilityGlobals) = postSolution
		SolutionGuid = {BE3960E7-1178-401E-BB99-0FEA2590F4C5}
	EndGlobalSection
EndGlobal
