
Microsoft Visual Studio Solution File, Format Version 12.00
# Visual Studio Version 16
VisualStudioVersion = 16.0.32602.291
MinimumVisualStudioVersion = 10.0.40219.1
Project("{FAE04EC0-301F-11D3-BF4B-00C04F79EFBC}") = "Operatorler", "Operatorler\Operatorler.csproj", "{615FC23C-7317-4950-8201-2710C4E728FF}"
EndProject
Global
	GlobalSection(SolutionConfigurationPlatforms) = preSolution
		Debug|Any CPU = Debug|Any CPU
		Release|Any CPU = Release|Any CPU
	EndGlobalSection
	GlobalSection(ProjectConfigurationPlatforms) = postSolution
		{615FC23C-7317-4950-8201-2710C4E728FF}.Debug|Any CPU.ActiveCfg = Debug|Any CPU
		{615FC23C-7317-4950-8201-2710C4E728FF}.Debug|Any CPU.Build.0 = Debug|Any CPU
		{615FC23C-7317-4950-8201-2710C4E728FF}.Release|Any CPU.ActiveCfg = Release|Any CPU
		{615FC23C-7317-4950-8201-2710C4E728FF}.Release|Any CPU.Build.0 = Release|Any CPU
	EndGlobalSection
	GlobalSection(SolutionProperties) = preSolution
		HideSolutionNode = FALSE
	EndGlobalSection
	GlobalSection(ExtensibilityGlobals) = postSolution
		SolutionGuid = {7ECA33C6-4FA7-4BA3-9F7D-D883D87A2B99}
	EndGlobalSection
EndGlobal
